// !$*UTF8*$!
{
	archiveVersion = 1;
	classes = {
	};
	objectVersion = 48;
	objects = {

/* Begin PBXBuildFile section */
		0BB8222A20530A4E0060FF5E /* AppDelegate.swift in Sources */ = {isa = PBXBuildFile; fileRef = 0BB8222920530A4E0060FF5E /* AppDelegate.swift */; };
		0BB8222C20530A4E0060FF5E /* ViewController.swift in Sources */ = {isa = PBXBuildFile; fileRef = 0BB8222B20530A4E0060FF5E /* ViewController.swift */; };
		0BB8222F20530A4E0060FF5E /* Main.storyboard in Resources */ = {isa = PBXBuildFile; fileRef = 0BB8222D20530A4E0060FF5E /* Main.storyboard */; };
		0BB8223220530A4E0060FF5E /* Picgram.xcdatamodeld in Sources */ = {isa = PBXBuildFile; fileRef = 0BB8223020530A4E0060FF5E /* Picgram.xcdatamodeld */; };
		0BB8223420530A4E0060FF5E /* Assets.xcassets in Resources */ = {isa = PBXBuildFile; fileRef = 0BB8223320530A4E0060FF5E /* Assets.xcassets */; };
		0BB8223720530A4E0060FF5E /* LaunchScreen.storyboard in Resources */ = {isa = PBXBuildFile; fileRef = 0BB8223520530A4E0060FF5E /* LaunchScreen.storyboard */; };
		0BB8223F205310050060FF5E /* EfeitosViewController.swift in Sources */ = {isa = PBXBuildFile; fileRef = 0BB8223E205310050060FF5E /* EfeitosViewController.swift */; };
		0BB82241205310200060FF5E /* FinalViewController.swift in Sources */ = {isa = PBXBuildFile; fileRef = 0BB82240205310200060FF5E /* FinalViewController.swift */; };
		0BB8224320548D460060FF5E /* MetodosProprios.swift in Sources */ = {isa = PBXBuildFile; fileRef = 0BB8224220548D460060FF5E /* MetodosProprios.swift */; };
		0BB82245205496A90060FF5E /* FilterManager.swift in Sources */ = {isa = PBXBuildFile; fileRef = 0BB82244205496A90060FF5E /* FilterManager.swift */; };
		0BB822472054AD4A0060FF5E /* EfeitosCollectionViewCell.swift in Sources */ = {isa = PBXBuildFile; fileRef = 0BB822462054AD4A0060FF5E /* EfeitosCollectionViewCell.swift */; };
		0BB8224C2056FBD50060FF5E /* HED_so3.mlmodel in Sources */ = {isa = PBXBuildFile; fileRef = 0BB822492056FBD00060FF5E /* HED_so3.mlmodel */; };
		0BB8224D2056FBD50060FF5E /* HED_fuse.mlmodel in Sources */ = {isa = PBXBuildFile; fileRef = 0BB8224A2056FBD30060FF5E /* HED_fuse.mlmodel */; };
		0BB8224E2056FBD50060FF5E /* HED_so.mlmodel in Sources */ = {isa = PBXBuildFile; fileRef = 0BB8224B2056FBD50060FF5E /* HED_so.mlmodel */; };
		0BB82252205702260060FF5E /* EfeitosCoreML.swift in Sources */ = {isa = PBXBuildFile; fileRef = 0BB82251205702260060FF5E /* EfeitosCoreML.swift */; };
		0BB822562057039D0060FF5E /* UIImage+CVPixelBuffer.swift in Sources */ = {isa = PBXBuildFile; fileRef = 0BB822542057039D0060FF5E /* UIImage+CVPixelBuffer.swift */; };
		0BB822572057039D0060FF5E /* UIImage+Resize.swift in Sources */ = {isa = PBXBuildFile; fileRef = 0BB822552057039D0060FF5E /* UIImage+Resize.swift */; };
		0BB8225920574C550060FF5E /* FNSCandy.mlmodel in Sources */ = {isa = PBXBuildFile; fileRef = 0BB8225820574C550060FF5E /* FNSCandy.mlmodel */; };
		0BB8225B20576C920060FF5E /* FNSFeathers.mlmodel in Sources */ = {isa = PBXBuildFile; fileRef = 0BB8225A20576C920060FF5E /* FNSFeathers.mlmodel */; };
		0BB8225D205772630060FF5E /* FNSLaMuse.mlmodel in Sources */ = {isa = PBXBuildFile; fileRef = 0BB8225C205772630060FF5E /* FNSLaMuse.mlmodel */; };
		0BB822612057F39F0060FF5E /* FNSTheScream.mlmodel in Sources */ = {isa = PBXBuildFile; fileRef = 0BB8225E2057F39E0060FF5E /* FNSTheScream.mlmodel */; };
		0BB822622057F39F0060FF5E /* FNSUdnie.mlmodel in Sources */ = {isa = PBXBuildFile; fileRef = 0BB8225F2057F39E0060FF5E /* FNSUdnie.mlmodel */; };
		0BB822632057F39F0060FF5E /* FNSMosaic.mlmodel in Sources */ = {isa = PBXBuildFile; fileRef = 0BB822602057F39F0060FF5E /* FNSMosaic.mlmodel */; };
/* End PBXBuildFile section */

/* Begin PBXFileReference section */
		0BB8222620530A4E0060FF5E /* Picgram.app */ = {isa = PBXFileReference; explicitFileType = wrapper.application; includeInIndex = 0; path = Picgram.app; sourceTree = BUILT_PRODUCTS_DIR; };
		0BB8222920530A4E0060FF5E /* AppDelegate.swift */ = {isa = PBXFileReference; lastKnownFileType = sourcecode.swift; path = AppDelegate.swift; sourceTree = "<group>"; };
		0BB8222B20530A4E0060FF5E /* ViewController.swift */ = {isa = PBXFileReference; lastKnownFileType = sourcecode.swift; path = ViewController.swift; sourceTree = "<group>"; };
		0BB8222E20530A4E0060FF5E /* Base */ = {isa = PBXFileReference; lastKnownFileType = file.storyboard; name = Base; path = Base.lproj/Main.storyboard; sourceTree = "<group>"; };
		0BB8223120530A4E0060FF5E /* Picgram.xcdatamodel */ = {isa = PBXFileReference; lastKnownFileType = wrapper.xcdatamodel; path = Picgram.xcdatamodel; sourceTree = "<group>"; };
		0BB8223320530A4E0060FF5E /* Assets.xcassets */ = {isa = PBXFileReference; lastKnownFileType = folder.assetcatalog; path = Assets.xcassets; sourceTree = "<group>"; };
		0BB8223620530A4E0060FF5E /* Base */ = {isa = PBXFileReference; lastKnownFileType = file.storyboard; name = Base; path = Base.lproj/LaunchScreen.storyboard; sourceTree = "<group>"; };
		0BB8223820530A4E0060FF5E /* Info.plist */ = {isa = PBXFileReference; lastKnownFileType = text.plist.xml; path = Info.plist; sourceTree = "<group>"; };
		0BB8223E205310050060FF5E /* EfeitosViewController.swift */ = {isa = PBXFileReference; lastKnownFileType = sourcecode.swift; path = EfeitosViewController.swift; sourceTree = "<group>"; };
		0BB82240205310200060FF5E /* FinalViewController.swift */ = {isa = PBXFileReference; lastKnownFileType = sourcecode.swift; path = FinalViewController.swift; sourceTree = "<group>"; };
		0BB8224220548D460060FF5E /* MetodosProprios.swift */ = {isa = PBXFileReference; lastKnownFileType = sourcecode.swift; path = MetodosProprios.swift; sourceTree = "<group>"; };
		0BB82244205496A90060FF5E /* FilterManager.swift */ = {isa = PBXFileReference; lastKnownFileType = sourcecode.swift; path = FilterManager.swift; sourceTree = "<group>"; };
		0BB822462054AD4A0060FF5E /* EfeitosCollectionViewCell.swift */ = {isa = PBXFileReference; lastKnownFileType = sourcecode.swift; path = EfeitosCollectionViewCell.swift; sourceTree = "<group>"; };
		0BB822492056FBD00060FF5E /* HED_so3.mlmodel */ = {isa = PBXFileReference; lastKnownFileType = file.mlmodel; path = HED_so3.mlmodel; sourceTree = "<group>"; };
		0BB8224A2056FBD30060FF5E /* HED_fuse.mlmodel */ = {isa = PBXFileReference; lastKnownFileType = file.mlmodel; path = HED_fuse.mlmodel; sourceTree = "<group>"; };
		0BB8224B2056FBD50060FF5E /* HED_so.mlmodel */ = {isa = PBXFileReference; lastKnownFileType = file.mlmodel; path = HED_so.mlmodel; sourceTree = "<group>"; };
		0BB82251205702260060FF5E /* EfeitosCoreML.swift */ = {isa = PBXFileReference; lastKnownFileType = sourcecode.swift; path = EfeitosCoreML.swift; sourceTree = "<group>"; };
		0BB822542057039D0060FF5E /* UIImage+CVPixelBuffer.swift */ = {isa = PBXFileReference; fileEncoding = 4; lastKnownFileType = sourcecode.swift; path = "UIImage+CVPixelBuffer.swift"; sourceTree = "<group>"; };
		0BB822552057039D0060FF5E /* UIImage+Resize.swift */ = {isa = PBXFileReference; fileEncoding = 4; lastKnownFileType = sourcecode.swift; path = "UIImage+Resize.swift"; sourceTree = "<group>"; };
		0BB8225820574C550060FF5E /* FNSCandy.mlmodel */ = {isa = PBXFileReference; lastKnownFileType = file.mlmodel; path = FNSCandy.mlmodel; sourceTree = "<group>"; };
		0BB8225A20576C920060FF5E /* FNSFeathers.mlmodel */ = {isa = PBXFileReference; lastKnownFileType = file.mlmodel; path = FNSFeathers.mlmodel; sourceTree = "<group>"; };
		0BB8225C205772630060FF5E /* FNSLaMuse.mlmodel */ = {isa = PBXFileReference; lastKnownFileType = file.mlmodel; path = FNSLaMuse.mlmodel; sourceTree = "<group>"; };
		0BB8225E2057F39E0060FF5E /* FNSTheScream.mlmodel */ = {isa = PBXFileReference; lastKnownFileType = file.mlmodel; path = FNSTheScream.mlmodel; sourceTree = "<group>"; };
		0BB8225F2057F39E0060FF5E /* FNSUdnie.mlmodel */ = {isa = PBXFileReference; lastKnownFileType = file.mlmodel; path = FNSUdnie.mlmodel; sourceTree = "<group>"; };
		0BB822602057F39F0060FF5E /* FNSMosaic.mlmodel */ = {isa = PBXFileReference; lastKnownFileType = file.mlmodel; path = FNSMosaic.mlmodel; sourceTree = "<group>"; };
/* End PBXFileReference section */

/* Begin PBXFrameworksBuildPhase section */
		0BB8222320530A4E0060FF5E /* Frameworks */ = {
			isa = PBXFrameworksBuildPhase;
			buildActionMask = 2147483647;
			files = (
			);
			runOnlyForDeploymentPostprocessing = 0;
		};
/* End PBXFrameworksBuildPhase section */

/* Begin PBXGroup section */
		0BB8221D20530A4E0060FF5E = {
			isa = PBXGroup;
			children = (
				0BB8222820530A4E0060FF5E /* Picgram */,
				0BB8222720530A4E0060FF5E /* Products */,
				0BB822532057039D0060FF5E /* Utils */,
				0BB822482056FB800060FF5E /* Models */,
			);
			sourceTree = "<group>";
		};
		0BB8222720530A4E0060FF5E /* Products */ = {
			isa = PBXGroup;
			children = (
				0BB8222620530A4E0060FF5E /* Picgram.app */,
			);
			name = Products;
			sourceTree = "<group>";
		};
		0BB8222820530A4E0060FF5E /* Picgram */ = {
			isa = PBXGroup;
			children = (
				0BB8222920530A4E0060FF5E /* AppDelegate.swift */,
				0BB8222B20530A4E0060FF5E /* ViewController.swift */,
				0BB82244205496A90060FF5E /* FilterManager.swift */,
				0BB82240205310200060FF5E /* FinalViewController.swift */,
				0BB82251205702260060FF5E /* EfeitosCoreML.swift */,
				0BB822462054AD4A0060FF5E /* EfeitosCollectionViewCell.swift */,
				0BB8224220548D460060FF5E /* MetodosProprios.swift */,
				0BB8223E205310050060FF5E /* EfeitosViewController.swift */,
				0BB8222D20530A4E0060FF5E /* Main.storyboard */,
				0BB8223320530A4E0060FF5E /* Assets.xcassets */,
				0BB8223520530A4E0060FF5E /* LaunchScreen.storyboard */,
				0BB8223820530A4E0060FF5E /* Info.plist */,
				0BB8223020530A4E0060FF5E /* Picgram.xcdatamodeld */,
			);
			path = Picgram;
			sourceTree = "<group>";
		};
		0BB822482056FB800060FF5E /* Models */ = {
			isa = PBXGroup;
			children = (
				0BB8224A2056FBD30060FF5E /* HED_fuse.mlmodel */,
				0BB8224B2056FBD50060FF5E /* HED_so.mlmodel */,
				0BB822492056FBD00060FF5E /* HED_so3.mlmodel */,
				0BB8225A20576C920060FF5E /* FNSFeathers.mlmodel */,
				0BB8225C205772630060FF5E /* FNSLaMuse.mlmodel */,
				0BB8225820574C550060FF5E /* FNSCandy.mlmodel */,
				0BB822602057F39F0060FF5E /* FNSMosaic.mlmodel */,
				0BB8225E2057F39E0060FF5E /* FNSTheScream.mlmodel */,
				0BB8225F2057F39E0060FF5E /* FNSUdnie.mlmodel */,
			);
			path = Models;
			sourceTree = "<group>";
		};
		0BB822532057039D0060FF5E /* Utils */ = {
			isa = PBXGroup;
			children = (
				0BB822542057039D0060FF5E /* UIImage+CVPixelBuffer.swift */,
				0BB822552057039D0060FF5E /* UIImage+Resize.swift */,
			);
			path = Utils;
			sourceTree = "<group>";
		};
/* End PBXGroup section */

/* Begin PBXNativeTarget section */
		0BB8222520530A4E0060FF5E /* Picgram */ = {
			isa = PBXNativeTarget;
			buildConfigurationList = 0BB8223B20530A4E0060FF5E /* Build configuration list for PBXNativeTarget "Picgram" */;
			buildPhases = (
				0BB8222220530A4E0060FF5E /* Sources */,
				0BB8222320530A4E0060FF5E /* Frameworks */,
				0BB8222420530A4E0060FF5E /* Resources */,
			);
			buildRules = (
			);
			dependencies = (
			);
			name = Picgram;
			productName = Picgram;
			productReference = 0BB8222620530A4E0060FF5E /* Picgram.app */;
			productType = "com.apple.product-type.application";
		};
/* End PBXNativeTarget section */

/* Begin PBXProject section */
		0BB8221E20530A4E0060FF5E /* Project object */ = {
			isa = PBXProject;
			attributes = {
				LastSwiftUpdateCheck = 0920;
				LastUpgradeCheck = 0920;
				ORGANIZATIONNAME = "Rafael Farias";
				TargetAttributes = {
					0BB8222520530A4E0060FF5E = {
						CreatedOnToolsVersion = 9.2;
						ProvisioningStyle = Automatic;
					};
				};
			};
			buildConfigurationList = 0BB8222120530A4E0060FF5E /* Build configuration list for PBXProject "Picgram" */;
			compatibilityVersion = "Xcode 8.0";
			developmentRegion = en;
			hasScannedForEncodings = 0;
			knownRegions = (
				en,
				Base,
			);
			mainGroup = 0BB8221D20530A4E0060FF5E;
			productRefGroup = 0BB8222720530A4E0060FF5E /* Products */;
			projectDirPath = "";
			projectRoot = "";
			targets = (
				0BB8222520530A4E0060FF5E /* Picgram */,
			);
		};
/* End PBXProject section */

/* Begin PBXResourcesBuildPhase section */
		0BB8222420530A4E0060FF5E /* Resources */ = {
			isa = PBXResourcesBuildPhase;
			buildActionMask = 2147483647;
			files = (
				0BB8223720530A4E0060FF5E /* LaunchScreen.storyboard in Resources */,
				0BB8223420530A4E0060FF5E /* Assets.xcassets in Resources */,
				0BB8222F20530A4E0060FF5E /* Main.storyboard in Resources */,
			);
			runOnlyForDeploymentPostprocessing = 0;
		};
/* End PBXResourcesBuildPhase section */

/* Begin PBXSourcesBuildPhase section */
		0BB8222220530A4E0060FF5E /* Sources */ = {
			isa = PBXSourcesBuildPhase;
			buildActionMask = 2147483647;
			files = (
				0BB822632057F39F0060FF5E /* FNSMosaic.mlmodel in Sources */,
				0BB822472054AD4A0060FF5E /* EfeitosCollectionViewCell.swift in Sources */,
				0BB822562057039D0060FF5E /* UIImage+CVPixelBuffer.swift in Sources */,
				0BB82241205310200060FF5E /* FinalViewController.swift in Sources */,
				0BB8224320548D460060FF5E /* MetodosProprios.swift in Sources */,
				0BB8225B20576C920060FF5E /* FNSFeathers.mlmodel in Sources */,
				0BB82252205702260060FF5E /* EfeitosCoreML.swift in Sources */,
				0BB8225D205772630060FF5E /* FNSLaMuse.mlmodel in Sources */,
				0BB8223F205310050060FF5E /* EfeitosViewController.swift in Sources */,
				0BB8225920574C550060FF5E /* FNSCandy.mlmodel in Sources */,
				0BB8222C20530A4E0060FF5E /* ViewController.swift in Sources */,
				0BB822572057039D0060FF5E /* UIImage+Resize.swift in Sources */,
				0BB822612057F39F0060FF5E /* FNSTheScream.mlmodel in Sources */,
				0BB822622057F39F0060FF5E /* FNSUdnie.mlmodel in Sources */,
				0BB8224D2056FBD50060FF5E /* HED_fuse.mlmodel in Sources */,
				0BB8224C2056FBD50060FF5E /* HED_so3.mlmodel in Sources */,
				0BB8223220530A4E0060FF5E /* Picgram.xcdatamodeld in Sources */,
				0BB82245205496A90060FF5E /* FilterManager.swift in Sources */,
				0BB8222A20530A4E0060FF5E /* AppDelegate.swift in Sources */,
				0BB8224E2056FBD50060FF5E /* HED_so.mlmodel in Sources */,
			);
			runOnlyForDeploymentPostprocessing = 0;
		};
/* End PBXSourcesBuildPhase section */

/* Begin PBXVariantGroup section */
		0BB8222D20530A4E0060FF5E /* Main.storyboard */ = {
			isa = PBXVariantGroup;
			children = (
				0BB8222E20530A4E0060FF5E /* Base */,
			);
			name = Main.storyboard;
			sourceTree = "<group>";
		};
		0BB8223520530A4E0060FF5E /* LaunchScreen.storyboard */ = {
			isa = PBXVariantGroup;
			children = (
				0BB8223620530A4E0060FF5E /* Base */,
			);
			name = LaunchScreen.storyboard;
			sourceTree = "<group>";
		};
/* End PBXVariantGroup section */

/* Begin XCBuildConfiguration section */
		0BB8223920530A4E0060FF5E /* Debug */ = {
			isa = XCBuildConfiguration;
			buildSettings = {
				ALWAYS_SEARCH_USER_PATHS = NO;
				CLANG_ANALYZER_NONNULL = YES;
				CLANG_ANALYZER_NUMBER_OBJECT_CONVERSION = YES_AGGRESSIVE;
				CLANG_CXX_LANGUAGE_STANDARD = "gnu++14";
				CLANG_CXX_LIBRARY = "libc++";
				CLANG_ENABLE_MODULES = YES;
				CLANG_ENABLE_OBJC_ARC = YES;
				CLANG_WARN_BLOCK_CAPTURE_AUTORELEASING = YES;
				CLANG_WARN_BOOL_CONVERSION = YES;
				CLANG_WARN_COMMA = YES;
				CLANG_WARN_CONSTANT_CONVERSION = YES;
				CLANG_WARN_DIRECT_OBJC_ISA_USAGE = YES_ERROR;
				CLANG_WARN_DOCUMENTATION_COMMENTS = YES;
				CLANG_WARN_EMPTY_BODY = YES;
				CLANG_WARN_ENUM_CONVERSION = YES;
				CLANG_WARN_INFINITE_RECURSION = YES;
				CLANG_WARN_INT_CONVERSION = YES;
				CLANG_WARN_NON_LITERAL_NULL_CONVERSION = YES;
				CLANG_WARN_OBJC_LITERAL_CONVERSION = YES;
				CLANG_WARN_OBJC_ROOT_CLASS = YES_ERROR;
				CLANG_WARN_RANGE_LOOP_ANALYSIS = YES;
				CLANG_WARN_STRICT_PROTOTYPES = YES;
				CLANG_WARN_SUSPICIOUS_MOVE = YES;
				CLANG_WARN_UNGUARDED_AVAILABILITY = YES_AGGRESSIVE;
				CLANG_WARN_UNREACHABLE_CODE = YES;
				CLANG_WARN__DUPLICATE_METHOD_MATCH = YES;
				CODE_SIGN_IDENTITY = "iPhone Developer";
				COPY_PHASE_STRIP = NO;
				DEBUG_INFORMATION_FORMAT = dwarf;
				ENABLE_STRICT_OBJC_MSGSEND = YES;
				ENABLE_TESTABILITY = YES;
				GCC_C_LANGUAGE_STANDARD = gnu11;
				GCC_DYNAMIC_NO_PIC = NO;
				GCC_NO_COMMON_BLOCKS = YES;
				GCC_OPTIMIZATION_LEVEL = 0;
				GCC_PREPROCESSOR_DEFINITIONS = (
					"DEBUG=1",
					"$(inherited)",
				);
				GCC_WARN_64_TO_32_BIT_CONVERSION = YES;
				GCC_WARN_ABOUT_RETURN_TYPE = YES_ERROR;
				GCC_WARN_UNDECLARED_SELECTOR = YES;
				GCC_WARN_UNINITIALIZED_AUTOS = YES_AGGRESSIVE;
				GCC_WARN_UNUSED_FUNCTION = YES;
				GCC_WARN_UNUSED_VARIABLE = YES;
				IPHONEOS_DEPLOYMENT_TARGET = 11.2;
				MTL_ENABLE_DEBUG_INFO = YES;
				ONLY_ACTIVE_ARCH = YES;
				SDKROOT = iphoneos;
				SWIFT_ACTIVE_COMPILATION_CONDITIONS = DEBUG;
				SWIFT_OPTIMIZATION_LEVEL = "-Onone";
			};
			name = Debug;
		};
		0BB8223A20530A4E0060FF5E /* Release */ = {
			isa = XCBuildConfiguration;
			buildSettings = {
				ALWAYS_SEARCH_USER_PATHS = NO;
				CLANG_ANALYZER_NONNULL = YES;
				CLANG_ANALYZER_NUMBER_OBJECT_CONVERSION = YES_AGGRESSIVE;
				CLANG_CXX_LANGUAGE_STANDARD = "gnu++14";
				CLANG_CXX_LIBRARY = "libc++";
				CLANG_ENABLE_MODULES = YES;
				CLANG_ENABLE_OBJC_ARC = YES;
				CLANG_WARN_BLOCK_CAPTURE_AUTORELEASING = YES;
				CLANG_WARN_BOOL_CONVERSION = YES;
				CLANG_WARN_COMMA = YES;
				CLANG_WARN_CONSTANT_CONVERSION = YES;
				CLANG_WARN_DIRECT_OBJC_ISA_USAGE = YES_ERROR;
				CLANG_WARN_DOCUMENTATION_COMMENTS = YES;
				CLANG_WARN_EMPTY_BODY = YES;
				CLANG_WARN_ENUM_CONVERSION = YES;
				CLANG_WARN_INFINITE_RECURSION = YES;
				CLANG_WARN_INT_CONVERSION = YES;
				CLANG_WARN_NON_LITERAL_NULL_CONVERSION = YES;
				CLANG_WARN_OBJC_LITERAL_CONVERSION = YES;
				CLANG_WARN_OBJC_ROOT_CLASS = YES_ERROR;
				CLANG_WARN_RANGE_LOOP_ANALYSIS = YES;
				CLANG_WARN_STRICT_PROTOTYPES = YES;
				CLANG_WARN_SUSPICIOUS_MOVE = YES;
				CLANG_WARN_UNGUARDED_AVAILABILITY = YES_AGGRESSIVE;
				CLANG_WARN_UNREACHABLE_CODE = YES;
				CLANG_WARN__DUPLICATE_METHOD_MATCH = YES;
				CODE_SIGN_IDENTITY = "iPhone Developer";
				COPY_PHASE_STRIP = NO;
				DEBUG_INFORMATION_FORMAT = "dwarf-with-dsym";
				ENABLE_NS_ASSERTIONS = NO;
				ENABLE_STRICT_OBJC_MSGSEND = YES;
				GCC_C_LANGUAGE_STANDARD = gnu11;
				GCC_NO_COMMON_BLOCKS = YES;
				GCC_WARN_64_TO_32_BIT_CONVERSION = YES;
				GCC_WARN_ABOUT_RETURN_TYPE = YES_ERROR;
				GCC_WARN_UNDECLARED_SELECTOR = YES;
				GCC_WARN_UNINITIALIZED_AUTOS = YES_AGGRESSIVE;
				GCC_WARN_UNUSED_FUNCTION = YES;
				GCC_WARN_UNUSED_VARIABLE = YES;
				IPHONEOS_DEPLOYMENT_TARGET = 11.2;
				MTL_ENABLE_DEBUG_INFO = NO;
				SDKROOT = iphoneos;
				SWIFT_OPTIMIZATION_LEVEL = "-Owholemodule";
				VALIDATE_PRODUCT = YES;
			};
			name = Release;
		};
		0BB8223C20530A4E0060FF5E /* Debug */ = {
			isa = XCBuildConfiguration;
			buildSettings = {
				ASSETCATALOG_COMPILER_APPICON_NAME = AppIcon;
				"CODE_SIGN_IDENTITY[sdk=iphoneos*]" = "iPhone Developer";
				CODE_SIGN_STYLE = Automatic;
				DEVELOPMENT_TEAM = QRJ9M5BQ64;
				INFOPLIST_FILE = Picgram/Info.plist;
				IPHONEOS_DEPLOYMENT_TARGET = 11.0;
				LD_RUNPATH_SEARCH_PATHS = "$(inherited) @executable_path/Frameworks";
				PRODUCT_BUNDLE_IDENTIFIER = icebox.Picgram2;
				PRODUCT_NAME = "$(TARGET_NAME)";
				PROVISIONING_PROFILE_SPECIFIER = "";
				SWIFT_VERSION = 4.0;
				TARGETED_DEVICE_FAMILY = 1;
			};
			name = Debug;
		};
		0BB8223D20530A4E0060FF5E /* Release */ = {
			isa = XCBuildConfiguration;
			buildSettings = {
				ASSETCATALOG_COMPILER_APPICON_NAME = AppIcon;
				"CODE_SIGN_IDENTITY[sdk=iphoneos*]" = "iPhone Developer";
				CODE_SIGN_STYLE = Automatic;
				DEVELOPMENT_TEAM = QRJ9M5BQ64;
				INFOPLIST_FILE = Picgram/Info.plist;
				IPHONEOS_DEPLOYMENT_TARGET = 11.0;
				LD_RUNPATH_SEARCH_PATHS = "$(inherited) @executable_path/Frameworks";
				PRODUCT_BUNDLE_IDENTIFIER = icebox.Picgram2;
				PRODUCT_NAME = "$(TARGET_NAME)";
				PROVISIONING_PROFILE_SPECIFIER = "";
				SWIFT_VERSION = 4.0;
				TARGETED_DEVICE_FAMILY = 1;
			};
			name = Release;
		};
/* End XCBuildConfiguration section */

/* Begin XCConfigurationList section */
		0BB8222120530A4E0060FF5E /* Build configuration list for PBXProject "Picgram" */ = {
			isa = XCConfigurationList;
			buildConfigurations = (
				0BB8223920530A4E0060FF5E /* Debug */,
				0BB8223A20530A4E0060FF5E /* Release */,
			);
			defaultConfigurationIsVisible = 0;
			defaultConfigurationName = Release;
		};
		0BB8223B20530A4E0060FF5E /* Build configuration list for PBXNativeTarget "Picgram" */ = {
			isa = XCConfigurationList;
			buildConfigurations = (
				0BB8223C20530A4E0060FF5E /* Debug */,
				0BB8223D20530A4E0060FF5E /* Release */,
			);
			defaultConfigurationIsVisible = 0;
			defaultConfigurationName = Release;
		};
/* End XCConfigurationList section */

/* Begin XCVersionGroup section */
		0BB8223020530A4E0060FF5E /* Picgram.xcdatamodeld */ = {
			isa = XCVersionGroup;
			children = (
				0BB8223120530A4E0060FF5E /* Picgram.xcdatamodel */,
			);
			currentVersion = 0BB8223120530A4E0060FF5E /* Picgram.xcdatamodel */;
			path = Picgram.xcdatamodeld;
			sourceTree = "<group>";
			versionGroupType = wrapper.xcdatamodel;
		};
/* End XCVersionGroup section */
	};
	rootObject = 0BB8221E20530A4E0060FF5E /* Project object */;
}
